// !$*UTF8*$!
{
	archiveVersion = 1;
	classes = {
	};
	objectVersion = 50;
	objects = {

/* Begin PBXBuildFile section */
		759E607926B97B0100668B7F /* AppDelegate.swift in Sources */ = {isa = PBXBuildFile; fileRef = 759E607826B97B0100668B7F /* AppDelegate.swift */; };
		759E607B26B97B0100668B7F /* SceneDelegate.swift in Sources */ = {isa = PBXBuildFile; fileRef = 759E607A26B97B0100668B7F /* SceneDelegate.swift */; };
		759E607D26B97B0100668B7F /* HomeViewController.swift in Sources */ = {isa = PBXBuildFile; fileRef = 759E607C26B97B0100668B7F /* HomeViewController.swift */; };
		759E608026B97B0100668B7F /* Main.storyboard in Resources */ = {isa = PBXBuildFile; fileRef = 759E607E26B97B0100668B7F /* Main.storyboard */; };
		759E608326B97B0100668B7F /* VirtualTourist.xcdatamodeld in Sources */ = {isa = PBXBuildFile; fileRef = 759E608126B97B0100668B7F /* VirtualTourist.xcdatamodeld */; };
		759E608526B97B0100668B7F /* Assets.xcassets in Resources */ = {isa = PBXBuildFile; fileRef = 759E608426B97B0100668B7F /* Assets.xcassets */; };
		759E608826B97B0100668B7F /* LaunchScreen.storyboard in Resources */ = {isa = PBXBuildFile; fileRef = 759E608626B97B0100668B7F /* LaunchScreen.storyboard */; };
		759E609326B97CAB00668B7F /* Photo+Extensions.swift in Sources */ = {isa = PBXBuildFile; fileRef = 759E609226B97CAB00668B7F /* Photo+Extensions.swift */; };
		759E609726B97D1300668B7F /* MapView+Extensions.swift in Sources */ = {isa = PBXBuildFile; fileRef = 759E609626B97D1300668B7F /* MapView+Extensions.swift */; };
		759E609926B97D5900668B7F /* DataController.swift in Sources */ = {isa = PBXBuildFile; fileRef = 759E609826B97D5900668B7F /* DataController.swift */; };
		759E609B26B9847B00668B7F /* ApiClient.swift in Sources */ = {isa = PBXBuildFile; fileRef = 759E609A26B9847B00668B7F /* ApiClient.swift */; };
		759E609D26B984B800668B7F /* ApiModels.swift in Sources */ = {isa = PBXBuildFile; fileRef = 759E609C26B984B800668B7F /* ApiModels.swift */; };
		759E609F26B9856C00668B7F /* PhotoCell.swift in Sources */ = {isa = PBXBuildFile; fileRef = 759E609E26B9856C00668B7F /* PhotoCell.swift */; };
		759E60A126B9889C00668B7F /* PhotoAlbumViewController.swift in Sources */ = {isa = PBXBuildFile; fileRef = 759E60A026B9889C00668B7F /* PhotoAlbumViewController.swift */; };
		759E60A326B9CB2B00668B7F /* PhotoViewerController.swift in Sources */ = {isa = PBXBuildFile; fileRef = 759E60A226B9CB2B00668B7F /* PhotoViewerController.swift */; };
/* End PBXBuildFile section */

/* Begin PBXFileReference section */
		759E607526B97B0100668B7F /* VirtualTourist.app */ = {isa = PBXFileReference; explicitFileType = wrapper.application; includeInIndex = 0; path = VirtualTourist.app; sourceTree = BUILT_PRODUCTS_DIR; };
		759E607826B97B0100668B7F /* AppDelegate.swift */ = {isa = PBXFileReference; lastKnownFileType = sourcecode.swift; path = AppDelegate.swift; sourceTree = "<group>"; };
		759E607A26B97B0100668B7F /* SceneDelegate.swift */ = {isa = PBXFileReference; lastKnownFileType = sourcecode.swift; path = SceneDelegate.swift; sourceTree = "<group>"; };
		759E607C26B97B0100668B7F /* HomeViewController.swift */ = {isa = PBXFileReference; lastKnownFileType = sourcecode.swift; path = HomeViewController.swift; sourceTree = "<group>"; };
		759E607F26B97B0100668B7F /* Base */ = {isa = PBXFileReference; lastKnownFileType = file.storyboard; name = Base; path = Base.lproj/Main.storyboard; sourceTree = "<group>"; };
		759E608226B97B0100668B7F /* VirtualTourist.xcdatamodel */ = {isa = PBXFileReference; lastKnownFileType = wrapper.xcdatamodel; path = VirtualTourist.xcdatamodel; sourceTree = "<group>"; };
		759E608426B97B0100668B7F /* Assets.xcassets */ = {isa = PBXFileReference; lastKnownFileType = folder.assetcatalog; path = Assets.xcassets; sourceTree = "<group>"; };
		759E608726B97B0100668B7F /* Base */ = {isa = PBXFileReference; lastKnownFileType = file.storyboard; name = Base; path = Base.lproj/LaunchScreen.storyboard; sourceTree = "<group>"; };
		759E608926B97B0100668B7F /* Info.plist */ = {isa = PBXFileReference; lastKnownFileType = text.plist.xml; path = Info.plist; sourceTree = "<group>"; };
		759E609226B97CAB00668B7F /* Photo+Extensions.swift */ = {isa = PBXFileReference; lastKnownFileType = sourcecode.swift; path = "Photo+Extensions.swift"; sourceTree = "<group>"; };
		759E609626B97D1300668B7F /* MapView+Extensions.swift */ = {isa = PBXFileReference; lastKnownFileType = sourcecode.swift; path = "MapView+Extensions.swift"; sourceTree = "<group>"; };
		759E609826B97D5900668B7F /* DataController.swift */ = {isa = PBXFileReference; lastKnownFileType = sourcecode.swift; path = DataController.swift; sourceTree = "<group>"; };
		759E609A26B9847B00668B7F /* ApiClient.swift */ = {isa = PBXFileReference; lastKnownFileType = sourcecode.swift; path = ApiClient.swift; sourceTree = "<group>"; };
		759E609C26B984B800668B7F /* ApiModels.swift */ = {isa = PBXFileReference; lastKnownFileType = sourcecode.swift; path = ApiModels.swift; sourceTree = "<group>"; };
		759E609E26B9856C00668B7F /* PhotoCell.swift */ = {isa = PBXFileReference; lastKnownFileType = sourcecode.swift; path = PhotoCell.swift; sourceTree = "<group>"; };
		759E60A026B9889C00668B7F /* PhotoAlbumViewController.swift */ = {isa = PBXFileReference; lastKnownFileType = sourcecode.swift; path = PhotoAlbumViewController.swift; sourceTree = "<group>"; };
		759E60A226B9CB2B00668B7F /* PhotoViewerController.swift */ = {isa = PBXFileReference; lastKnownFileType = sourcecode.swift; path = PhotoViewerController.swift; sourceTree = "<group>"; };
/* End PBXFileReference section */

/* Begin PBXFrameworksBuildPhase section */
		759E607226B97B0100668B7F /* Frameworks */ = {
			isa = PBXFrameworksBuildPhase;
			buildActionMask = 2147483647;
			files = (
			);
			runOnlyForDeploymentPostprocessing = 0;
		};
/* End PBXFrameworksBuildPhase section */

/* Begin PBXGroup section */
		759E606C26B97B0100668B7F = {
			isa = PBXGroup;
			children = (
				759E607726B97B0100668B7F /* VirtualTourist */,
				759E607626B97B0100668B7F /* Products */,
			);
			sourceTree = "<group>";
		};
		759E607626B97B0100668B7F /* Products */ = {
			isa = PBXGroup;
			children = (
				759E607526B97B0100668B7F /* VirtualTourist.app */,
			);
			name = Products;
			sourceTree = "<group>";
		};
		759E607726B97B0100668B7F /* VirtualTourist */ = {
			isa = PBXGroup;
			children = (
				759E609426B97CEF00668B7F /* Services */,
				759E609126B97B2300668B7F /* Controller */,
				759E609026B97B1D00668B7F /* Model */,
				759E608F26B97B1400668B7F /* View */,
				759E607826B97B0100668B7F /* AppDelegate.swift */,
				759E607A26B97B0100668B7F /* SceneDelegate.swift */,
				759E608426B97B0100668B7F /* Assets.xcassets */,
				759E608926B97B0100668B7F /* Info.plist */,
			);
			path = VirtualTourist;
			sourceTree = "<group>";
		};
		759E608F26B97B1400668B7F /* View */ = {
			isa = PBXGroup;
			children = (
				759E608626B97B0100668B7F /* LaunchScreen.storyboard */,
				759E607E26B97B0100668B7F /* Main.storyboard */,
			);
			path = View;
			sourceTree = "<group>";
		};
		759E609026B97B1D00668B7F /* Model */ = {
			isa = PBXGroup;
			children = (
				759E608126B97B0100668B7F /* VirtualTourist.xcdatamodeld */,
				759E609226B97CAB00668B7F /* Photo+Extensions.swift */,
				759E609C26B984B800668B7F /* ApiModels.swift */,
				759E609E26B9856C00668B7F /* PhotoCell.swift */,
			);
			path = Model;
			sourceTree = "<group>";
		};
		759E609126B97B2300668B7F /* Controller */ = {
			isa = PBXGroup;
			children = (
				759E607C26B97B0100668B7F /* HomeViewController.swift */,
				759E60A026B9889C00668B7F /* PhotoAlbumViewController.swift */,
				759E60A226B9CB2B00668B7F /* PhotoViewerController.swift */,
			);
			path = Controller;
			sourceTree = "<group>";
		};
		759E609426B97CEF00668B7F /* Services */ = {
			isa = PBXGroup;
			children = (
				759E609526B97CF800668B7F /* Extensions */,
				759E609826B97D5900668B7F /* DataController.swift */,
				759E609A26B9847B00668B7F /* ApiClient.swift */,
			);
			path = Services;
			sourceTree = "<group>";
		};
		759E609526B97CF800668B7F /* Extensions */ = {
			isa = PBXGroup;
			children = (
				759E609626B97D1300668B7F /* MapView+Extensions.swift */,
			);
			path = Extensions;
			sourceTree = "<group>";
		};
/* End PBXGroup section */

/* Begin PBXNativeTarget section */
		759E607426B97B0100668B7F /* VirtualTourist */ = {
			isa = PBXNativeTarget;
			buildConfigurationList = 759E608C26B97B0100668B7F /* Build configuration list for PBXNativeTarget "VirtualTourist" */;
			buildPhases = (
				759E607126B97B0100668B7F /* Sources */,
				759E607226B97B0100668B7F /* Frameworks */,
				759E607326B97B0100668B7F /* Resources */,
			);
			buildRules = (
			);
			dependencies = (
			);
			name = VirtualTourist;
			productName = VirtualTourist;
			productReference = 759E607526B97B0100668B7F /* VirtualTourist.app */;
			productType = "com.apple.product-type.application";
		};
/* End PBXNativeTarget section */

/* Begin PBXProject section */
		759E606D26B97B0100668B7F /* Project object */ = {
			isa = PBXProject;
			attributes = {
				LastSwiftUpdateCheck = 1250;
				LastUpgradeCheck = 1250;
				TargetAttributes = {
					759E607426B97B0100668B7F = {
						CreatedOnToolsVersion = 12.5.1;
					};
				};
			};
			buildConfigurationList = 759E607026B97B0100668B7F /* Build configuration list for PBXProject "VirtualTourist" */;
			compatibilityVersion = "Xcode 9.3";
			developmentRegion = en;
			hasScannedForEncodings = 0;
			knownRegions = (
				en,
				Base,
			);
			mainGroup = 759E606C26B97B0100668B7F;
			productRefGroup = 759E607626B97B0100668B7F /* Products */;
			projectDirPath = "";
			projectRoot = "";
			targets = (
				759E607426B97B0100668B7F /* VirtualTourist */,
			);
		};
/* End PBXProject section */

/* Begin PBXResourcesBuildPhase section */
		759E607326B97B0100668B7F /* Resources */ = {
			isa = PBXResourcesBuildPhase;
			buildActionMask = 2147483647;
			files = (
				759E608826B97B0100668B7F /* LaunchScreen.storyboard in Resources */,
				759E608526B97B0100668B7F /* Assets.xcassets in Resources */,
				759E608026B97B0100668B7F /* Main.storyboard in Resources */,
			);
			runOnlyForDeploymentPostprocessing = 0;
		};
/* End PBXResourcesBuildPhase section */

/* Begin PBXSourcesBuildPhase section */
		759E607126B97B0100668B7F /* Sources */ = {
			isa = PBXSourcesBuildPhase;
			buildActionMask = 2147483647;
			files = (
				759E60A126B9889C00668B7F /* PhotoAlbumViewController.swift in Sources */,
				759E609D26B984B800668B7F /* ApiModels.swift in Sources */,
				759E60A326B9CB2B00668B7F /* PhotoViewerController.swift in Sources */,
				759E609926B97D5900668B7F /* DataController.swift in Sources */,
				759E608326B97B0100668B7F /* VirtualTourist.xcdatamodeld in Sources */,
				759E609726B97D1300668B7F /* MapView+Extensions.swift in Sources */,
				759E609B26B9847B00668B7F /* ApiClient.swift in Sources */,
				759E607D26B97B0100668B7F /* HomeViewController.swift in Sources */,
				759E609F26B9856C00668B7F /* PhotoCell.swift in Sources */,
				759E607926B97B0100668B7F /* AppDelegate.swift in Sources */,
				759E609326B97CAB00668B7F /* Photo+Extensions.swift in Sources */,
				759E607B26B97B0100668B7F /* SceneDelegate.swift in Sources */,
			);
			runOnlyForDeploymentPostprocessing = 0;
		};
/* End PBXSourcesBuildPhase section */

/* Begin PBXVariantGroup section */
		759E607E26B97B0100668B7F /* Main.storyboard */ = {
			isa = PBXVariantGroup;
			children = (
				759E607F26B97B0100668B7F /* Base */,
			);
			name = Main.storyboard;
			sourceTree = "<group>";
		};
		759E608626B97B0100668B7F /* LaunchScreen.storyboard */ = {
			isa = PBXVariantGroup;
			children = (
				759E608726B97B0100668B7F /* Base */,
			);
			name = LaunchScreen.storyboard;
			sourceTree = "<group>";
		};
/* End PBXVariantGroup section */

/* Begin XCBuildConfiguration section */
		759E608A26B97B0100668B7F /* Debug */ = {
			isa = XCBuildConfiguration;
			buildSettings = {
				ALWAYS_SEARCH_USER_PATHS = NO;
				CLANG_ANALYZER_NONNULL = YES;
				CLANG_ANALYZER_NUMBER_OBJECT_CONVERSION = YES_AGGRESSIVE;
				CLANG_CXX_LANGUAGE_STANDARD = "gnu++14";
				CLANG_CXX_LIBRARY = "libc++";
				CLANG_ENABLE_MODULES = YES;
				CLANG_ENABLE_OBJC_ARC = YES;
				CLANG_ENABLE_OBJC_WEAK = YES;
				CLANG_WARN_BLOCK_CAPTURE_AUTORELEASING = YES;
				CLANG_WARN_BOOL_CONVERSION = YES;
				CLANG_WARN_COMMA = YES;
				CLANG_WARN_CONSTANT_CONVERSION = YES;
				CLANG_WARN_DEPRECATED_OBJC_IMPLEMENTATIONS = YES;
				CLANG_WARN_DIRECT_OBJC_ISA_USAGE = YES_ERROR;
				CLANG_WARN_DOCUMENTATION_COMMENTS = YES;
				CLANG_WARN_EMPTY_BODY = YES;
				CLANG_WARN_ENUM_CONVERSION = YES;
				CLANG_WARN_INFINITE_RECURSION = YES;
				CLANG_WARN_INT_CONVERSION = YES;
				CLANG_WARN_NON_LITERAL_NULL_CONVERSION = YES;
				CLANG_WARN_OBJC_IMPLICIT_RETAIN_SELF = YES;
				CLANG_WARN_OBJC_LITERAL_CONVERSION = YES;
				CLANG_WARN_OBJC_ROOT_CLASS = YES_ERROR;
				CLANG_WARN_QUOTED_INCLUDE_IN_FRAMEWORK_HEADER = YES;
				CLANG_WARN_RANGE_LOOP_ANALYSIS = YES;
				CLANG_WARN_STRICT_PROTOTYPES = YES;
				CLANG_WARN_SUSPICIOUS_MOVE = YES;
				CLANG_WARN_UNGUARDED_AVAILABILITY = YES_AGGRESSIVE;
				CLANG_WARN_UNREACHABLE_CODE = YES;
				CLANG_WARN__DUPLICATE_METHOD_MATCH = YES;
				COPY_PHASE_STRIP = NO;
				DEBUG_INFORMATION_FORMAT = dwarf;
				ENABLE_STRICT_OBJC_MSGSEND = YES;
				ENABLE_TESTABILITY = YES;
				GCC_C_LANGUAGE_STANDARD = gnu11;
				GCC_DYNAMIC_NO_PIC = NO;
				GCC_NO_COMMON_BLOCKS = YES;
				GCC_OPTIMIZATION_LEVEL = 0;
				GCC_PREPROCESSOR_DEFINITIONS = (
					"DEBUG=1",
					"$(inherited)",
				);
				GCC_WARN_64_TO_32_BIT_CONVERSION = YES;
				GCC_WARN_ABOUT_RETURN_TYPE = YES_ERROR;
				GCC_WARN_UNDECLARED_SELECTOR = YES;
				GCC_WARN_UNINITIALIZED_AUTOS = YES_AGGRESSIVE;
				GCC_WARN_UNUSED_FUNCTION = YES;
				GCC_WARN_UNUSED_VARIABLE = YES;
				IPHONEOS_DEPLOYMENT_TARGET = 14.5;
				MTL_ENABLE_DEBUG_INFO = INCLUDE_SOURCE;
				MTL_FAST_MATH = YES;
				ONLY_ACTIVE_ARCH = YES;
				SDKROOT = iphoneos;
				SWIFT_ACTIVE_COMPILATION_CONDITIONS = DEBUG;
				SWIFT_OPTIMIZATION_LEVEL = "-Onone";
			};
			name = Debug;
		};
		759E608B26B97B0100668B7F /* Release */ = {
			isa = XCBuildConfiguration;
			buildSettings = {
				ALWAYS_SEARCH_USER_PATHS = NO;
				CLANG_ANALYZER_NONNULL = YES;
				CLANG_ANALYZER_NUMBER_OBJECT_CONVERSION = YES_AGGRESSIVE;
				CLANG_CXX_LANGUAGE_STANDARD = "gnu++14";
				CLANG_CXX_LIBRARY = "libc++";
				CLANG_ENABLE_MODULES = YES;
				CLANG_ENABLE_OBJC_ARC = YES;
				CLANG_ENABLE_OBJC_WEAK = YES;
				CLANG_WARN_BLOCK_CAPTURE_AUTORELEASING = YES;
				CLANG_WARN_BOOL_CONVERSION = YES;
				CLANG_WARN_COMMA = YES;
				CLANG_WARN_CONSTANT_CONVERSION = YES;
				CLANG_WARN_DEPRECATED_OBJC_IMPLEMENTATIONS = YES;
				CLANG_WARN_DIRECT_OBJC_ISA_USAGE = YES_ERROR;
				CLANG_WARN_DOCUMENTATION_COMMENTS = YES;
				CLANG_WARN_EMPTY_BODY = YES;
				CLANG_WARN_ENUM_CONVERSION = YES;
				CLANG_WARN_INFINITE_RECURSION = YES;
				CLANG_WARN_INT_CONVERSION = YES;
				CLANG_WARN_NON_LITERAL_NULL_CONVERSION = YES;
				CLANG_WARN_OBJC_IMPLICIT_RETAIN_SELF = YES;
				CLANG_WARN_OBJC_LITERAL_CONVERSION = YES;
				CLANG_WARN_OBJC_ROOT_CLASS = YES_ERROR;
				CLANG_WARN_QUOTED_INCLUDE_IN_FRAMEWORK_HEADER = YES;
				CLANG_WARN_RANGE_LOOP_ANALYSIS = YES;
				CLANG_WARN_STRICT_PROTOTYPES = YES;
				CLANG_WARN_SUSPICIOUS_MOVE = YES;
				CLANG_WARN_UNGUARDED_AVAILABILITY = YES_AGGRESSIVE;
				CLANG_WARN_UNREACHABLE_CODE = YES;
				CLANG_WARN__DUPLICATE_METHOD_MATCH = YES;
				COPY_PHASE_STRIP = NO;
				DEBUG_INFORMATION_FORMAT = "dwarf-with-dsym";
				ENABLE_NS_ASSERTIONS = NO;
				ENABLE_STRICT_OBJC_MSGSEND = YES;
				GCC_C_LANGUAGE_STANDARD = gnu11;
				GCC_NO_COMMON_BLOCKS = YES;
				GCC_WARN_64_TO_32_BIT_CONVERSION = YES;
				GCC_WARN_ABOUT_RETURN_TYPE = YES_ERROR;
				GCC_WARN_UNDECLARED_SELECTOR = YES;
				GCC_WARN_UNINITIALIZED_AUTOS = YES_AGGRESSIVE;
				GCC_WARN_UNUSED_FUNCTION = YES;
				GCC_WARN_UNUSED_VARIABLE = YES;
				IPHONEOS_DEPLOYMENT_TARGET = 14.5;
				MTL_ENABLE_DEBUG_INFO = NO;
				MTL_FAST_MATH = YES;
				SDKROOT = iphoneos;
				SWIFT_COMPILATION_MODE = wholemodule;
				SWIFT_OPTIMIZATION_LEVEL = "-O";
				VALIDATE_PRODUCT = YES;
			};
			name = Release;
		};
		759E608D26B97B0100668B7F /* Debug */ = {
			isa = XCBuildConfiguration;
			buildSettings = {
				ASSETCATALOG_COMPILER_APPICON_NAME = AppIcon;
				ASSETCATALOG_COMPILER_GLOBAL_ACCENT_COLOR_NAME = AccentColor;
				CODE_SIGN_STYLE = Automatic;
				DEVELOPMENT_TEAM = 9TDNYDN738;
				INFOPLIST_FILE = VirtualTourist/Info.plist;
				LD_RUNPATH_SEARCH_PATHS = (
					"$(inherited)",
					"@executable_path/Frameworks",
				);
				PRODUCT_BUNDLE_IDENTIFIER = com.djade.VirtualTourist;
				PRODUCT_NAME = "$(TARGET_NAME)";
				SWIFT_VERSION = 5.0;
				TARGETED_DEVICE_FAMILY = "1,2";
			};
			name = Debug;
		};
		759E608E26B97B0100668B7F /* Release */ = {
			isa = XCBuildConfiguration;
			buildSettings = {
				ASSETCATALOG_COMPILER_APPICON_NAME = AppIcon;
				ASSETCATALOG_COMPILER_GLOBAL_ACCENT_COLOR_NAME = AccentColor;
				CODE_SIGN_STYLE = Automatic;
				DEVELOPMENT_TEAM = 9TDNYDN738;
				INFOPLIST_FILE = VirtualTourist/Info.plist;
				LD_RUNPATH_SEARCH_PATHS = (
					"$(inherited)",
					"@executable_path/Frameworks",
				);
				PRODUCT_BUNDLE_IDENTIFIER = com.djade.VirtualTourist;
				PRODUCT_NAME = "$(TARGET_NAME)";
				SWIFT_VERSION = 5.0;
				TARGETED_DEVICE_FAMILY = "1,2";
			};
			name = Release;
		};
/* End XCBuildConfiguration section */

/* Begin XCConfigurationList section */
		759E607026B97B0100668B7F /* Build configuration list for PBXProject "VirtualTourist" */ = {
			isa = XCConfigurationList;
			buildConfigurations = (
				759E608A26B97B0100668B7F /* Debug */,
				759E608B26B97B0100668B7F /* Release */,
			);
			defaultConfigurationIsVisible = 0;
			defaultConfigurationName = Release;
		};
		759E608C26B97B0100668B7F /* Build configuration list for PBXNativeTarget "VirtualTourist" */ = {
			isa = XCConfigurationList;
			buildConfigurations = (
				759E608D26B97B0100668B7F /* Debug */,
				759E608E26B97B0100668B7F /* Release */,
			);
			defaultConfigurationIsVisible = 0;
			defaultConfigurationName = Release;
		};
/* End XCConfigurationList section */

/* Begin XCVersionGroup section */
		759E608126B97B0100668B7F /* VirtualTourist.xcdatamodeld */ = {
			isa = XCVersionGroup;
			children = (
				759E608226B97B0100668B7F /* VirtualTourist.xcdatamodel */,
			);
			currentVersion = 759E608226B97B0100668B7F /* VirtualTourist.xcdatamodel */;
			path = VirtualTourist.xcdatamodeld;
			sourceTree = "<group>";
			versionGroupType = wrapper.xcdatamodel;
		};
/* End XCVersionGroup section */
	};
	rootObject = 759E606D26B97B0100668B7F /* Project object */;
}
